// !$*UTF8*$!
{
	archiveVersion = 1;
	classes = {
	};
	objectVersion = 46;
	objects = {

/* Begin PBXBuildFile section */
		B315679C1DB668E600E8F72A /* PromocoesViewController.swift in Sources */ = {isa = PBXBuildFile; fileRef = B315679B1DB668E600E8F72A /* PromocoesViewController.swift */; };
		B315679E1DB670FB00E8F72A /* RegulamentoViewController.swift in Sources */ = {isa = PBXBuildFile; fileRef = B315679D1DB670FB00E8F72A /* RegulamentoViewController.swift */; };
		B31567A01DB6710500E8F72A /* LocalViewController.swift in Sources */ = {isa = PBXBuildFile; fileRef = B315679F1DB6710500E8F72A /* LocalViewController.swift */; };
		B31F12951DB5447900592E0C /* testessssViewController.swift in Sources */ = {isa = PBXBuildFile; fileRef = B31F12941DB5447900592E0C /* testessssViewController.swift */; };
		B323235E1DA6C465004629EE /* FiltroViewController.swift in Sources */ = {isa = PBXBuildFile; fileRef = B323235D1DA6C465004629EE /* FiltroViewController.swift */; };
		B359B0621DA3D6BD00BAD2F8 /* Cadastro.swift in Sources */ = {isa = PBXBuildFile; fileRef = B359B0611DA3D6BD00BAD2F8 /* Cadastro.swift */; };
		B359B0641DA3FB5A00BAD2F8 /* MenuBarCollectionViewCell.swift in Sources */ = {isa = PBXBuildFile; fileRef = B359B0631DA3FB5A00BAD2F8 /* MenuBarCollectionViewCell.swift */; };
		B35A3F2D1DB8F21100004596 /* Companies.swift in Sources */ = {isa = PBXBuildFile; fileRef = B35A3F2C1DB8F21100004596 /* Companies.swift */; };
		B35E6ED31DABC5B300854767 /* FiltroTableViewCell.swift in Sources */ = {isa = PBXBuildFile; fileRef = B35E6ED21DABC5B300854767 /* FiltroTableViewCell.swift */; };
		B35E6ED51DABC61C00854767 /* HeaderFiltroTableViewCell.swift in Sources */ = {isa = PBXBuildFile; fileRef = B35E6ED41DABC61C00854767 /* HeaderFiltroTableViewCell.swift */; };
		B35E6ED71DABD27900854767 /* FiltroSection2TableViewCell.swift in Sources */ = {isa = PBXBuildFile; fileRef = B35E6ED61DABD27900854767 /* FiltroSection2TableViewCell.swift */; };
		B35E6ED91DABD28600854767 /* FiltroSection3TableViewCell.swift in Sources */ = {isa = PBXBuildFile; fileRef = B35E6ED81DABD28600854767 /* FiltroSection3TableViewCell.swift */; };
		B35E6EDB1DABF5E700854767 /* horizontalCollectionViewCell.swift in Sources */ = {isa = PBXBuildFile; fileRef = B35E6EDA1DABF5E700854767 /* horizontalCollectionViewCell.swift */; };
		B369967A1DC121760038ABB8 /* Promocoes.swift in Sources */ = {isa = PBXBuildFile; fileRef = B36996791DC121760038ABB8 /* Promocoes.swift */; };
		B36F41141DAD4AB00053A078 /* Locais.swift in Sources */ = {isa = PBXBuildFile; fileRef = B36F41131DAD4AB00053A078 /* Locais.swift */; };
		B38361751DB7E7EE0002DADA /* EstabelecimentoViewController.swift in Sources */ = {isa = PBXBuildFile; fileRef = B38361741DB7E7EE0002DADA /* EstabelecimentoViewController.swift */; };
		B39ADC661DA292F2004DBF30 /* FBSDKCoreKit.framework in Frameworks */ = {isa = PBXBuildFile; fileRef = B39ADC631DA292F2004DBF30 /* FBSDKCoreKit.framework */; };
		B39ADC671DA292F2004DBF30 /* FBSDKLoginKit.framework in Frameworks */ = {isa = PBXBuildFile; fileRef = B39ADC641DA292F2004DBF30 /* FBSDKLoginKit.framework */; };
		B39ADC681DA292F2004DBF30 /* FBSDKShareKit.framework in Frameworks */ = {isa = PBXBuildFile; fileRef = B39ADC651DA292F2004DBF30 /* FBSDKShareKit.framework */; };
		B39ADCAF1DA298E2004DBF30 /* Bolts.framework in Frameworks */ = {isa = PBXBuildFile; fileRef = B39ADCAE1DA298E2004DBF30 /* Bolts.framework */; };
		B39B152D1DA54BF100933035 /* EstabelecimentoTableViewCell.swift in Sources */ = {isa = PBXBuildFile; fileRef = B39B152C1DA54BF100933035 /* EstabelecimentoTableViewCell.swift */; };
		B39B15311DA555F100933035 /* opcoesCollectionViewCell.swift in Sources */ = {isa = PBXBuildFile; fileRef = B39B15301DA555F100933035 /* opcoesCollectionViewCell.swift */; };
		B3C223DB1DB4FEB1008890C4 /* PopUpOKViewController.swift in Sources */ = {isa = PBXBuildFile; fileRef = B3C223DA1DB4FEB1008890C4 /* PopUpOKViewController.swift */; };
		B3E1BB351D9E92420086FF9D /* AppDelegate.swift in Sources */ = {isa = PBXBuildFile; fileRef = B3E1BB341D9E92420086FF9D /* AppDelegate.swift */; };
		B3E1BB3A1D9E92420086FF9D /* Main.storyboard in Resources */ = {isa = PBXBuildFile; fileRef = B3E1BB381D9E92420086FF9D /* Main.storyboard */; };
		B3E1BB3D1D9E92420086FF9D /* Vanttage_v2.xcdatamodeld in Sources */ = {isa = PBXBuildFile; fileRef = B3E1BB3B1D9E92420086FF9D /* Vanttage_v2.xcdatamodeld */; };
		B3E1BB3F1D9E92420086FF9D /* Assets.xcassets in Resources */ = {isa = PBXBuildFile; fileRef = B3E1BB3E1D9E92420086FF9D /* Assets.xcassets */; };
		B3E1BB421D9E92420086FF9D /* LaunchScreen.storyboard in Resources */ = {isa = PBXBuildFile; fileRef = B3E1BB401D9E92420086FF9D /* LaunchScreen.storyboard */; };
		B3E1BB4D1D9E92420086FF9D /* Vanttage_v2Tests.swift in Sources */ = {isa = PBXBuildFile; fileRef = B3E1BB4C1D9E92420086FF9D /* Vanttage_v2Tests.swift */; };
		B3E1BB581D9E92420086FF9D /* Vanttage_v2UITests.swift in Sources */ = {isa = PBXBuildFile; fileRef = B3E1BB571D9E92420086FF9D /* Vanttage_v2UITests.swift */; };
		B3E1BB681D9E972C0086FF9D /* LoginViewController.swift in Sources */ = {isa = PBXBuildFile; fileRef = B3E1BB671D9E972C0086FF9D /* LoginViewController.swift */; };
		B3E1BB6B1D9E97510086FF9D /* LembrarSenhaViewController.swift in Sources */ = {isa = PBXBuildFile; fileRef = B3E1BB6A1D9E97510086FF9D /* LembrarSenhaViewController.swift */; };
		B3E1BB761D9E98050086FF9D /* SWRevealViewController.m in Sources */ = {isa = PBXBuildFile; fileRef = B3E1BB751D9E98050086FF9D /* SWRevealViewController.m */; };
		B3E1BB781D9E98420086FF9D /* CriarContaViewController.swift in Sources */ = {isa = PBXBuildFile; fileRef = B3E1BB771D9E98420086FF9D /* CriarContaViewController.swift */; };
		B3E1BB801D9E99270086FF9D /* layout.swift in Sources */ = {isa = PBXBuildFile; fileRef = B3E1BB7F1D9E99270086FF9D /* layout.swift */; };
		B3E1BB821D9E9A030086FF9D /* Color.swift in Sources */ = {isa = PBXBuildFile; fileRef = B3E1BB811D9E9A030086FF9D /* Color.swift */; };
		B3E1BB841D9E9A5D0086FF9D /* MenuTableViewController.swift in Sources */ = {isa = PBXBuildFile; fileRef = B3E1BB831D9E9A5D0086FF9D /* MenuTableViewController.swift */; };
		B3E1BB861D9E9A880086FF9D /* MapViewController.swift in Sources */ = {isa = PBXBuildFile; fileRef = B3E1BB851D9E9A880086FF9D /* MapViewController.swift */; };
		B3E1BB881D9E9AB70086FF9D /* HomeViewController.swift in Sources */ = {isa = PBXBuildFile; fileRef = B3E1BB871D9E9AB70086FF9D /* HomeViewController.swift */; };
		B3E1BB8A1D9E9ADD0086FF9D /* HomeTableViewCell.swift in Sources */ = {isa = PBXBuildFile; fileRef = B3E1BB891D9E9ADD0086FF9D /* HomeTableViewCell.swift */; };
		B3E1BB8C1D9E9B090086FF9D /* CartaoViewController.swift in Sources */ = {isa = PBXBuildFile; fileRef = B3E1BB8B1D9E9B090086FF9D /* CartaoViewController.swift */; };
		B3E1BB8E1D9E9B2D0086FF9D /* CartaoLandScapeViewController.swift in Sources */ = {isa = PBXBuildFile; fileRef = B3E1BB8D1D9E9B2D0086FF9D /* CartaoLandScapeViewController.swift */; };
		B3E1BB901D9E9B500086FF9D /* EditarPerfilViewController.swift in Sources */ = {isa = PBXBuildFile; fileRef = B3E1BB8F1D9E9B500086FF9D /* EditarPerfilViewController.swift */; };
		B3E1BB921D9E9BB30086FF9D /* PopUpCadastroErro.swift in Sources */ = {isa = PBXBuildFile; fileRef = B3E1BB911D9E9BB30086FF9D /* PopUpCadastroErro.swift */; };
		B3E1BB941D9E9BCE0086FF9D /* SobreViewController.swift in Sources */ = {isa = PBXBuildFile; fileRef = B3E1BB931D9E9BCE0086FF9D /* SobreViewController.swift */; };
		B3E1BB961D9EA7030086FF9D /* MenuViewController.swift in Sources */ = {isa = PBXBuildFile; fileRef = B3E1BB951D9EA7030086FF9D /* MenuViewController.swift */; };
/* End PBXBuildFile section */

/* Begin PBXContainerItemProxy section */
		B3E1BB491D9E92420086FF9D /* PBXContainerItemProxy */ = {
			isa = PBXContainerItemProxy;
			containerPortal = B3E1BB291D9E92420086FF9D /* Project object */;
			proxyType = 1;
			remoteGlobalIDString = B3E1BB301D9E92420086FF9D;
			remoteInfo = "Vanttage-v2";
		};
		B3E1BB541D9E92420086FF9D /* PBXContainerItemProxy */ = {
			isa = PBXContainerItemProxy;
			containerPortal = B3E1BB291D9E92420086FF9D /* Project object */;
			proxyType = 1;
			remoteGlobalIDString = B3E1BB301D9E92420086FF9D;
			remoteInfo = "Vanttage-v2";
		};
/* End PBXContainerItemProxy section */

/* Begin PBXFileReference section */
		B315679B1DB668E600E8F72A /* PromocoesViewController.swift */ = {isa = PBXFileReference; fileEncoding = 4; lastKnownFileType = sourcecode.swift; path = PromocoesViewController.swift; sourceTree = "<group>"; };
		B315679D1DB670FB00E8F72A /* RegulamentoViewController.swift */ = {isa = PBXFileReference; fileEncoding = 4; lastKnownFileType = sourcecode.swift; path = RegulamentoViewController.swift; sourceTree = "<group>"; };
		B315679F1DB6710500E8F72A /* LocalViewController.swift */ = {isa = PBXFileReference; fileEncoding = 4; lastKnownFileType = sourcecode.swift; path = LocalViewController.swift; sourceTree = "<group>"; };
		B31F12941DB5447900592E0C /* testessssViewController.swift */ = {isa = PBXFileReference; fileEncoding = 4; lastKnownFileType = sourcecode.swift; path = testessssViewController.swift; sourceTree = "<group>"; };
		B323235D1DA6C465004629EE /* FiltroViewController.swift */ = {isa = PBXFileReference; fileEncoding = 4; lastKnownFileType = sourcecode.swift; path = FiltroViewController.swift; sourceTree = "<group>"; };
		B359B0611DA3D6BD00BAD2F8 /* Cadastro.swift */ = {isa = PBXFileReference; fileEncoding = 4; lastKnownFileType = sourcecode.swift; path = Cadastro.swift; sourceTree = "<group>"; };
		B359B0631DA3FB5A00BAD2F8 /* MenuBarCollectionViewCell.swift */ = {isa = PBXFileReference; fileEncoding = 4; lastKnownFileType = sourcecode.swift; path = MenuBarCollectionViewCell.swift; sourceTree = "<group>"; };
		B35A3F2C1DB8F21100004596 /* Companies.swift */ = {isa = PBXFileReference; fileEncoding = 4; lastKnownFileType = sourcecode.swift; path = Companies.swift; sourceTree = "<group>"; };
		B35E6ED21DABC5B300854767 /* FiltroTableViewCell.swift */ = {isa = PBXFileReference; fileEncoding = 4; lastKnownFileType = sourcecode.swift; path = FiltroTableViewCell.swift; sourceTree = "<group>"; };
		B35E6ED41DABC61C00854767 /* HeaderFiltroTableViewCell.swift */ = {isa = PBXFileReference; fileEncoding = 4; lastKnownFileType = sourcecode.swift; path = HeaderFiltroTableViewCell.swift; sourceTree = "<group>"; };
		B35E6ED61DABD27900854767 /* FiltroSection2TableViewCell.swift */ = {isa = PBXFileReference; fileEncoding = 4; lastKnownFileType = sourcecode.swift; path = FiltroSection2TableViewCell.swift; sourceTree = "<group>"; };
		B35E6ED81DABD28600854767 /* FiltroSection3TableViewCell.swift */ = {isa = PBXFileReference; fileEncoding = 4; lastKnownFileType = sourcecode.swift; path = FiltroSection3TableViewCell.swift; sourceTree = "<group>"; };
		B35E6EDA1DABF5E700854767 /* horizontalCollectionViewCell.swift */ = {isa = PBXFileReference; fileEncoding = 4; lastKnownFileType = sourcecode.swift; path = horizontalCollectionViewCell.swift; sourceTree = "<group>"; };
		B36996791DC121760038ABB8 /* Promocoes.swift */ = {isa = PBXFileReference; fileEncoding = 4; lastKnownFileType = sourcecode.swift; path = Promocoes.swift; sourceTree = "<group>"; };
		B36F41131DAD4AB00053A078 /* Locais.swift */ = {isa = PBXFileReference; fileEncoding = 4; lastKnownFileType = sourcecode.swift; path = Locais.swift; sourceTree = "<group>"; };
		B38361741DB7E7EE0002DADA /* EstabelecimentoViewController.swift */ = {isa = PBXFileReference; fileEncoding = 4; lastKnownFileType = sourcecode.swift; path = EstabelecimentoViewController.swift; sourceTree = "<group>"; };
		B39ADC5F1DA292B4004DBF30 /* FBSDKCoreKit.framework */ = {isa = PBXFileReference; lastKnownFileType = wrapper.framework; name = FBSDKCoreKit.framework; path = "../../Downloads/FacebookSDKs-iOS-4/FBSDKCoreKit.framework"; sourceTree = "<group>"; };
		B39ADC601DA292B4004DBF30 /* FBSDKLoginKit.framework */ = {isa = PBXFileReference; lastKnownFileType = wrapper.framework; name = FBSDKLoginKit.framework; path = "../../Downloads/FacebookSDKs-iOS-4/FBSDKLoginKit.framework"; sourceTree = "<group>"; };
		B39ADC631DA292F2004DBF30 /* FBSDKCoreKit.framework */ = {isa = PBXFileReference; lastKnownFileType = wrapper.framework; path = FBSDKCoreKit.framework; sourceTree = "<group>"; };
		B39ADC641DA292F2004DBF30 /* FBSDKLoginKit.framework */ = {isa = PBXFileReference; lastKnownFileType = wrapper.framework; path = FBSDKLoginKit.framework; sourceTree = "<group>"; };
		B39ADC651DA292F2004DBF30 /* FBSDKShareKit.framework */ = {isa = PBXFileReference; lastKnownFileType = wrapper.framework; path = FBSDKShareKit.framework; sourceTree = "<group>"; };
		B39ADCAE1DA298E2004DBF30 /* Bolts.framework */ = {isa = PBXFileReference; lastKnownFileType = wrapper.framework; path = Bolts.framework; sourceTree = "<group>"; };
		B39B152C1DA54BF100933035 /* EstabelecimentoTableViewCell.swift */ = {isa = PBXFileReference; fileEncoding = 4; lastKnownFileType = sourcecode.swift; path = EstabelecimentoTableViewCell.swift; sourceTree = "<group>"; };
		B39B15301DA555F100933035 /* opcoesCollectionViewCell.swift */ = {isa = PBXFileReference; fileEncoding = 4; lastKnownFileType = sourcecode.swift; path = opcoesCollectionViewCell.swift; sourceTree = "<group>"; };
		B3C223DA1DB4FEB1008890C4 /* PopUpOKViewController.swift */ = {isa = PBXFileReference; fileEncoding = 4; lastKnownFileType = sourcecode.swift; path = PopUpOKViewController.swift; sourceTree = "<group>"; };
		B3E1BB311D9E92420086FF9D /* Vanttage-v2.app */ = {isa = PBXFileReference; explicitFileType = wrapper.application; includeInIndex = 0; path = "Vanttage-v2.app"; sourceTree = BUILT_PRODUCTS_DIR; };
		B3E1BB341D9E92420086FF9D /* AppDelegate.swift */ = {isa = PBXFileReference; lastKnownFileType = sourcecode.swift; path = AppDelegate.swift; sourceTree = "<group>"; };
		B3E1BB391D9E92420086FF9D /* Base */ = {isa = PBXFileReference; lastKnownFileType = file.storyboard; name = Base; path = Base.lproj/Main.storyboard; sourceTree = "<group>"; };
		B3E1BB3C1D9E92420086FF9D /* Vanttage_v2.xcdatamodel */ = {isa = PBXFileReference; lastKnownFileType = wrapper.xcdatamodel; path = Vanttage_v2.xcdatamodel; sourceTree = "<group>"; };
		B3E1BB3E1D9E92420086FF9D /* Assets.xcassets */ = {isa = PBXFileReference; lastKnownFileType = folder.assetcatalog; path = Assets.xcassets; sourceTree = "<group>"; };
		B3E1BB411D9E92420086FF9D /* Base */ = {isa = PBXFileReference; lastKnownFileType = file.storyboard; name = Base; path = Base.lproj/LaunchScreen.storyboard; sourceTree = "<group>"; };
		B3E1BB431D9E92420086FF9D /* Info.plist */ = {isa = PBXFileReference; lastKnownFileType = text.plist.xml; path = Info.plist; sourceTree = "<group>"; };
		B3E1BB481D9E92420086FF9D /* Vanttage-v2Tests.xctest */ = {isa = PBXFileReference; explicitFileType = wrapper.cfbundle; includeInIndex = 0; path = "Vanttage-v2Tests.xctest"; sourceTree = BUILT_PRODUCTS_DIR; };
		B3E1BB4C1D9E92420086FF9D /* Vanttage_v2Tests.swift */ = {isa = PBXFileReference; lastKnownFileType = sourcecode.swift; path = Vanttage_v2Tests.swift; sourceTree = "<group>"; };
		B3E1BB4E1D9E92420086FF9D /* Info.plist */ = {isa = PBXFileReference; lastKnownFileType = text.plist.xml; path = Info.plist; sourceTree = "<group>"; };
		B3E1BB531D9E92420086FF9D /* Vanttage-v2UITests.xctest */ = {isa = PBXFileReference; explicitFileType = wrapper.cfbundle; includeInIndex = 0; path = "Vanttage-v2UITests.xctest"; sourceTree = BUILT_PRODUCTS_DIR; };
		B3E1BB571D9E92420086FF9D /* Vanttage_v2UITests.swift */ = {isa = PBXFileReference; lastKnownFileType = sourcecode.swift; path = Vanttage_v2UITests.swift; sourceTree = "<group>"; };
		B3E1BB591D9E92420086FF9D /* Info.plist */ = {isa = PBXFileReference; lastKnownFileType = text.plist.xml; path = Info.plist; sourceTree = "<group>"; };
		B3E1BB671D9E972C0086FF9D /* LoginViewController.swift */ = {isa = PBXFileReference; fileEncoding = 4; lastKnownFileType = sourcecode.swift; path = LoginViewController.swift; sourceTree = "<group>"; };
		B3E1BB6A1D9E97510086FF9D /* LembrarSenhaViewController.swift */ = {isa = PBXFileReference; fileEncoding = 4; lastKnownFileType = sourcecode.swift; path = LembrarSenhaViewController.swift; sourceTree = "<group>"; };
		B3E1BB731D9E97E20086FF9D /* SWRevealViewController.h */ = {isa = PBXFileReference; lastKnownFileType = sourcecode.c.h; path = SWRevealViewController.h; sourceTree = "<group>"; };
		B3E1BB741D9E98050086FF9D /* Vanttage-v2-Bridging-Header.h */ = {isa = PBXFileReference; lastKnownFileType = sourcecode.c.h; path = "Vanttage-v2-Bridging-Header.h"; sourceTree = "<group>"; };
		B3E1BB751D9E98050086FF9D /* SWRevealViewController.m */ = {isa = PBXFileReference; fileEncoding = 4; lastKnownFileType = sourcecode.c.objc; path = SWRevealViewController.m; sourceTree = "<group>"; };
		B3E1BB771D9E98420086FF9D /* CriarContaViewController.swift */ = {isa = PBXFileReference; fileEncoding = 4; lastKnownFileType = sourcecode.swift; path = CriarContaViewController.swift; sourceTree = "<group>"; };
		B3E1BB7F1D9E99270086FF9D /* layout.swift */ = {isa = PBXFileReference; fileEncoding = 4; lastKnownFileType = sourcecode.swift; path = layout.swift; sourceTree = "<group>"; };
		B3E1BB811D9E9A030086FF9D /* Color.swift */ = {isa = PBXFileReference; fileEncoding = 4; lastKnownFileType = sourcecode.swift; path = Color.swift; sourceTree = "<group>"; };
		B3E1BB831D9E9A5D0086FF9D /* MenuTableViewController.swift */ = {isa = PBXFileReference; fileEncoding = 4; lastKnownFileType = sourcecode.swift; path = MenuTableViewController.swift; sourceTree = "<group>"; };
		B3E1BB851D9E9A880086FF9D /* MapViewController.swift */ = {isa = PBXFileReference; fileEncoding = 4; lastKnownFileType = sourcecode.swift; path = MapViewController.swift; sourceTree = "<group>"; };
		B3E1BB871D9E9AB70086FF9D /* HomeViewController.swift */ = {isa = PBXFileReference; fileEncoding = 4; lastKnownFileType = sourcecode.swift; path = HomeViewController.swift; sourceTree = "<group>"; };
		B3E1BB891D9E9ADD0086FF9D /* HomeTableViewCell.swift */ = {isa = PBXFileReference; fileEncoding = 4; lastKnownFileType = sourcecode.swift; path = HomeTableViewCell.swift; sourceTree = "<group>"; };
		B3E1BB8B1D9E9B090086FF9D /* CartaoViewController.swift */ = {isa = PBXFileReference; fileEncoding = 4; lastKnownFileType = sourcecode.swift; path = CartaoViewController.swift; sourceTree = "<group>"; };
		B3E1BB8D1D9E9B2D0086FF9D /* CartaoLandScapeViewController.swift */ = {isa = PBXFileReference; fileEncoding = 4; lastKnownFileType = sourcecode.swift; path = CartaoLandScapeViewController.swift; sourceTree = "<group>"; };
		B3E1BB8F1D9E9B500086FF9D /* EditarPerfilViewController.swift */ = {isa = PBXFileReference; fileEncoding = 4; lastKnownFileType = sourcecode.swift; path = EditarPerfilViewController.swift; sourceTree = "<group>"; };
		B3E1BB911D9E9BB30086FF9D /* PopUpCadastroErro.swift */ = {isa = PBXFileReference; fileEncoding = 4; lastKnownFileType = sourcecode.swift; path = PopUpCadastroErro.swift; sourceTree = "<group>"; };
		B3E1BB931D9E9BCE0086FF9D /* SobreViewController.swift */ = {isa = PBXFileReference; fileEncoding = 4; lastKnownFileType = sourcecode.swift; path = SobreViewController.swift; sourceTree = "<group>"; };
		B3E1BB951D9EA7030086FF9D /* MenuViewController.swift */ = {isa = PBXFileReference; fileEncoding = 4; lastKnownFileType = sourcecode.swift; path = MenuViewController.swift; sourceTree = "<group>"; };
/* End PBXFileReference section */

/* Begin PBXFrameworksBuildPhase section */
		B3E1BB2E1D9E92420086FF9D /* Frameworks */ = {
			isa = PBXFrameworksBuildPhase;
			buildActionMask = 2147483647;
			files = (
				B39ADC671DA292F2004DBF30 /* FBSDKLoginKit.framework in Frameworks */,
				B39ADC661DA292F2004DBF30 /* FBSDKCoreKit.framework in Frameworks */,
				B39ADC681DA292F2004DBF30 /* FBSDKShareKit.framework in Frameworks */,
				B39ADCAF1DA298E2004DBF30 /* Bolts.framework in Frameworks */,
			);
			runOnlyForDeploymentPostprocessing = 0;
		};
		B3E1BB451D9E92420086FF9D /* Frameworks */ = {
			isa = PBXFrameworksBuildPhase;
			buildActionMask = 2147483647;
			files = (
			);
			runOnlyForDeploymentPostprocessing = 0;
		};
		B3E1BB501D9E92420086FF9D /* Frameworks */ = {
			isa = PBXFrameworksBuildPhase;
			buildActionMask = 2147483647;
			files = (
			);
			runOnlyForDeploymentPostprocessing = 0;
		};
/* End PBXFrameworksBuildPhase section */

/* Begin PBXGroup section */
		B359B0651DA42A8600BAD2F8 /* Estabelecimento */ = {
			isa = PBXGroup;
			children = (
				B39B152C1DA54BF100933035 /* EstabelecimentoTableViewCell.swift */,
				B39B15301DA555F100933035 /* opcoesCollectionViewCell.swift */,
				B315679B1DB668E600E8F72A /* PromocoesViewController.swift */,
				B315679D1DB670FB00E8F72A /* RegulamentoViewController.swift */,
				B315679F1DB6710500E8F72A /* LocalViewController.swift */,
				B38361741DB7E7EE0002DADA /* EstabelecimentoViewController.swift */,
				B36996791DC121760038ABB8 /* Promocoes.swift */,
			);
			name = Estabelecimento;
			sourceTree = "<group>";
		};
		B35E6ED11DABC58800854767 /* Filtro */ = {
			isa = PBXGroup;
			children = (
				B323235D1DA6C465004629EE /* FiltroViewController.swift */,
				B35E6ED21DABC5B300854767 /* FiltroTableViewCell.swift */,
				B35E6ED41DABC61C00854767 /* HeaderFiltroTableViewCell.swift */,
				B35E6ED61DABD27900854767 /* FiltroSection2TableViewCell.swift */,
				B35E6ED81DABD28600854767 /* FiltroSection3TableViewCell.swift */,
				B35E6EDA1DABF5E700854767 /* horizontalCollectionViewCell.swift */,
			);
			name = Filtro;
			sourceTree = "<group>";
		};
		B36F41121DAD294B0053A078 /* PopUp */ = {
			isa = PBXGroup;
			children = (
				B3E1BB911D9E9BB30086FF9D /* PopUpCadastroErro.swift */,
				B3C223DA1DB4FEB1008890C4 /* PopUpOKViewController.swift */,
			);
			name = PopUp;
			sourceTree = "<group>";
		};
		B39ADC5E1DA292B4004DBF30 /* Frameworks */ = {
			isa = PBXGroup;
			children = (
				B39ADC5F1DA292B4004DBF30 /* FBSDKCoreKit.framework */,
				B39ADC601DA292B4004DBF30 /* FBSDKLoginKit.framework */,
			);
			name = Frameworks;
			sourceTree = "<group>";
		};
		B3E1BB281D9E92420086FF9D = {
			isa = PBXGroup;
			children = (
				B3E1BB331D9E92420086FF9D /* Vanttage-v2 */,
				B3E1BB4B1D9E92420086FF9D /* Vanttage-v2Tests */,
				B3E1BB561D9E92420086FF9D /* Vanttage-v2UITests */,
				B3E1BB321D9E92420086FF9D /* Products */,
				B39ADC5E1DA292B4004DBF30 /* Frameworks */,
			);
			sourceTree = "<group>";
		};
		B3E1BB321D9E92420086FF9D /* Products */ = {
			isa = PBXGroup;
			children = (
				B3E1BB311D9E92420086FF9D /* Vanttage-v2.app */,
				B3E1BB481D9E92420086FF9D /* Vanttage-v2Tests.xctest */,
				B3E1BB531D9E92420086FF9D /* Vanttage-v2UITests.xctest */,
			);
			name = Products;
			sourceTree = "<group>";
		};
		B3E1BB331D9E92420086FF9D /* Vanttage-v2 */ = {
			isa = PBXGroup;
			children = (
				B3E1BB721D9E97BE0086FF9D /* Frameworks */,
				B3E1BB661D9E97010086FF9D /* Controller */,
				B3E1BB651D9E94D80086FF9D /* View */,
				B3E1BB341D9E92420086FF9D /* AppDelegate.swift */,
				B3E1BB3E1D9E92420086FF9D /* Assets.xcassets */,
				B3E1BB431D9E92420086FF9D /* Info.plist */,
				B3E1BB3B1D9E92420086FF9D /* Vanttage_v2.xcdatamodeld */,
				B3E1BB7F1D9E99270086FF9D /* layout.swift */,
				B3E1BB811D9E9A030086FF9D /* Color.swift */,
			);
			path = "Vanttage-v2";
			sourceTree = "<group>";
		};
		B3E1BB4B1D9E92420086FF9D /* Vanttage-v2Tests */ = {
			isa = PBXGroup;
			children = (
				B3E1BB4C1D9E92420086FF9D /* Vanttage_v2Tests.swift */,
				B3E1BB4E1D9E92420086FF9D /* Info.plist */,
			);
			path = "Vanttage-v2Tests";
			sourceTree = "<group>";
		};
		B3E1BB561D9E92420086FF9D /* Vanttage-v2UITests */ = {
			isa = PBXGroup;
			children = (
				B3E1BB571D9E92420086FF9D /* Vanttage_v2UITests.swift */,
				B3E1BB591D9E92420086FF9D /* Info.plist */,
			);
			path = "Vanttage-v2UITests";
			sourceTree = "<group>";
		};
		B3E1BB651D9E94D80086FF9D /* View */ = {
			isa = PBXGroup;
			children = (
				B3E1BB381D9E92420086FF9D /* Main.storyboard */,
				B3E1BB401D9E92420086FF9D /* LaunchScreen.storyboard */,
			);
			name = View;
			sourceTree = "<group>";
		};
		B3E1BB661D9E97010086FF9D /* Controller */ = {
			isa = PBXGroup;
			children = (
				B36F41121DAD294B0053A078 /* PopUp */,
				B35E6ED11DABC58800854767 /* Filtro */,
				B3E1BB701D9E978D0086FF9D /* Cartao */,
				B3E1BB6C1D9E975F0086FF9D /* CriarConta */,
				B3E1BB711D9E97A60086FF9D /* EditarPerfil */,
				B359B0651DA42A8600BAD2F8 /* Estabelecimento */,
				B3E1BB6F1D9E97850086FF9D /* Home */,
				B3E1BB691D9E97380086FF9D /* login */,
				B3E1BB6D1D9E976D0086FF9D /* Menu */,
				B3E1BB6E1D9E97760086FF9D /* Map */,
				B3E1BB931D9E9BCE0086FF9D /* SobreViewController.swift */,
				B3E1BB951D9EA7030086FF9D /* MenuViewController.swift */,
				B31F12941DB5447900592E0C /* testessssViewController.swift */,
			);
			name = Controller;
			sourceTree = "<group>";
		};
		B3E1BB691D9E97380086FF9D /* login */ = {
			isa = PBXGroup;
			children = (
				B3E1BB671D9E972C0086FF9D /* LoginViewController.swift */,
				B3E1BB6A1D9E97510086FF9D /* LembrarSenhaViewController.swift */,
				B359B0611DA3D6BD00BAD2F8 /* Cadastro.swift */,
			);
			name = login;
			sourceTree = "<group>";
		};
		B3E1BB6C1D9E975F0086FF9D /* CriarConta */ = {
			isa = PBXGroup;
			children = (
				B3E1BB771D9E98420086FF9D /* CriarContaViewController.swift */,
			);
			name = CriarConta;
			sourceTree = "<group>";
		};
		B3E1BB6D1D9E976D0086FF9D /* Menu */ = {
			isa = PBXGroup;
			children = (
				B3E1BB831D9E9A5D0086FF9D /* MenuTableViewController.swift */,
			);
			name = Menu;
			sourceTree = "<group>";
		};
		B3E1BB6E1D9E97760086FF9D /* Map */ = {
			isa = PBXGroup;
			children = (
				B3E1BB851D9E9A880086FF9D /* MapViewController.swift */,
				B36F41131DAD4AB00053A078 /* Locais.swift */,
			);
			name = Map;
			sourceTree = "<group>";
		};
		B3E1BB6F1D9E97850086FF9D /* Home */ = {
			isa = PBXGroup;
			children = (
				B3E1BB871D9E9AB70086FF9D /* HomeViewController.swift */,
				B3E1BB891D9E9ADD0086FF9D /* HomeTableViewCell.swift */,
				B359B0631DA3FB5A00BAD2F8 /* MenuBarCollectionViewCell.swift */,
				B35A3F2C1DB8F21100004596 /* Companies.swift */,
			);
			name = Home;
			sourceTree = "<group>";
		};
		B3E1BB701D9E978D0086FF9D /* Cartao */ = {
			isa = PBXGroup;
			children = (
				B3E1BB8B1D9E9B090086FF9D /* CartaoViewController.swift */,
				B3E1BB8D1D9E9B2D0086FF9D /* CartaoLandScapeViewController.swift */,
			);
			name = Cartao;
			sourceTree = "<group>";
		};
		B3E1BB711D9E97A60086FF9D /* EditarPerfil */ = {
			isa = PBXGroup;
			children = (
				B3E1BB8F1D9E9B500086FF9D /* EditarPerfilViewController.swift */,
			);
			name = EditarPerfil;
			sourceTree = "<group>";
		};
		B3E1BB721D9E97BE0086FF9D /* Frameworks */ = {
			isa = PBXGroup;
			children = (
				B39ADCAE1DA298E2004DBF30 /* Bolts.framework */,
				B39ADC631DA292F2004DBF30 /* FBSDKCoreKit.framework */,
				B39ADC641DA292F2004DBF30 /* FBSDKLoginKit.framework */,
				B39ADC651DA292F2004DBF30 /* FBSDKShareKit.framework */,
				B3E1BB731D9E97E20086FF9D /* SWRevealViewController.h */,
				B3E1BB751D9E98050086FF9D /* SWRevealViewController.m */,
				B3E1BB741D9E98050086FF9D /* Vanttage-v2-Bridging-Header.h */,
			);
			name = Frameworks;
			sourceTree = "<group>";
		};
/* End PBXGroup section */

/* Begin PBXNativeTarget section */
		B3E1BB301D9E92420086FF9D /* Vanttage-v2 */ = {
			isa = PBXNativeTarget;
			buildConfigurationList = B3E1BB5C1D9E92420086FF9D /* Build configuration list for PBXNativeTarget "Vanttage-v2" */;
			buildPhases = (
				B3E1BB2D1D9E92420086FF9D /* Sources */,
				B3E1BB2E1D9E92420086FF9D /* Frameworks */,
				B3E1BB2F1D9E92420086FF9D /* Resources */,
			);
			buildRules = (
			);
			dependencies = (
			);
			name = "Vanttage-v2";
			productName = "Vanttage-v2";
			productReference = B3E1BB311D9E92420086FF9D /* Vanttage-v2.app */;
			productType = "com.apple.product-type.application";
		};
		B3E1BB471D9E92420086FF9D /* Vanttage-v2Tests */ = {
			isa = PBXNativeTarget;
			buildConfigurationList = B3E1BB5F1D9E92420086FF9D /* Build configuration list for PBXNativeTarget "Vanttage-v2Tests" */;
			buildPhases = (
				B3E1BB441D9E92420086FF9D /* Sources */,
				B3E1BB451D9E92420086FF9D /* Frameworks */,
				B3E1BB461D9E92420086FF9D /* Resources */,
			);
			buildRules = (
			);
			dependencies = (
				B3E1BB4A1D9E92420086FF9D /* PBXTargetDependency */,
			);
			name = "Vanttage-v2Tests";
			productName = "Vanttage-v2Tests";
			productReference = B3E1BB481D9E92420086FF9D /* Vanttage-v2Tests.xctest */;
			productType = "com.apple.product-type.bundle.unit-test";
		};
		B3E1BB521D9E92420086FF9D /* Vanttage-v2UITests */ = {
			isa = PBXNativeTarget;
			buildConfigurationList = B3E1BB621D9E92420086FF9D /* Build configuration list for PBXNativeTarget "Vanttage-v2UITests" */;
			buildPhases = (
				B3E1BB4F1D9E92420086FF9D /* Sources */,
				B3E1BB501D9E92420086FF9D /* Frameworks */,
				B3E1BB511D9E92420086FF9D /* Resources */,
			);
			buildRules = (
			);
			dependencies = (
				B3E1BB551D9E92420086FF9D /* PBXTargetDependency */,
			);
			name = "Vanttage-v2UITests";
			productName = "Vanttage-v2UITests";
			productReference = B3E1BB531D9E92420086FF9D /* Vanttage-v2UITests.xctest */;
			productType = "com.apple.product-type.bundle.ui-testing";
		};
/* End PBXNativeTarget section */

/* Begin PBXProject section */
		B3E1BB291D9E92420086FF9D /* Project object */ = {
			isa = PBXProject;
			attributes = {
				LastSwiftUpdateCheck = 0800;
				LastUpgradeCheck = 0800;
				ORGANIZATIONNAME = tap4;
				TargetAttributes = {
					B3E1BB301D9E92420086FF9D = {
						CreatedOnToolsVersion = 8.0;
						DevelopmentTeam = 4BG8H329LG;
						LastSwiftMigration = 0800;
						ProvisioningStyle = Automatic;
					};
					B3E1BB471D9E92420086FF9D = {
						CreatedOnToolsVersion = 8.0;
						ProvisioningStyle = Automatic;
						TestTargetID = B3E1BB301D9E92420086FF9D;
					};
					B3E1BB521D9E92420086FF9D = {
						CreatedOnToolsVersion = 8.0;
						ProvisioningStyle = Automatic;
						TestTargetID = B3E1BB301D9E92420086FF9D;
					};
				};
			};
			buildConfigurationList = B3E1BB2C1D9E92420086FF9D /* Build configuration list for PBXProject "Vanttage-v2" */;
			compatibilityVersion = "Xcode 3.2";
			developmentRegion = English;
			hasScannedForEncodings = 0;
			knownRegions = (
				en,
				Base,
			);
			mainGroup = B3E1BB281D9E92420086FF9D;
			productRefGroup = B3E1BB321D9E92420086FF9D /* Products */;
			projectDirPath = "";
			projectRoot = "";
			targets = (
				B3E1BB301D9E92420086FF9D /* Vanttage-v2 */,
				B3E1BB471D9E92420086FF9D /* Vanttage-v2Tests */,
				B3E1BB521D9E92420086FF9D /* Vanttage-v2UITests */,
			);
		};
/* End PBXProject section */

/* Begin PBXResourcesBuildPhase section */
		B3E1BB2F1D9E92420086FF9D /* Resources */ = {
			isa = PBXResourcesBuildPhase;
			buildActionMask = 2147483647;
			files = (
				B3E1BB421D9E92420086FF9D /* LaunchScreen.storyboard in Resources */,
				B3E1BB3F1D9E92420086FF9D /* Assets.xcassets in Resources */,
				B3E1BB3A1D9E92420086FF9D /* Main.storyboard in Resources */,
			);
			runOnlyForDeploymentPostprocessing = 0;
		};
		B3E1BB461D9E92420086FF9D /* Resources */ = {
			isa = PBXResourcesBuildPhase;
			buildActionMask = 2147483647;
			files = (
			);
			runOnlyForDeploymentPostprocessing = 0;
		};
		B3E1BB511D9E92420086FF9D /* Resources */ = {
			isa = PBXResourcesBuildPhase;
			buildActionMask = 2147483647;
			files = (
			);
			runOnlyForDeploymentPostprocessing = 0;
		};
/* End PBXResourcesBuildPhase section */

/* Begin PBXSourcesBuildPhase section */
		B3E1BB2D1D9E92420086FF9D /* Sources */ = {
			isa = PBXSourcesBuildPhase;
			buildActionMask = 2147483647;
			files = (
				B3E1BB8E1D9E9B2D0086FF9D /* CartaoLandScapeViewController.swift in Sources */,
				B3C223DB1DB4FEB1008890C4 /* PopUpOKViewController.swift in Sources */,
				B3E1BB6B1D9E97510086FF9D /* LembrarSenhaViewController.swift in Sources */,
				B3E1BB821D9E9A030086FF9D /* Color.swift in Sources */,
				B315679E1DB670FB00E8F72A /* RegulamentoViewController.swift in Sources */,
				B35A3F2D1DB8F21100004596 /* Companies.swift in Sources */,
				B3E1BB681D9E972C0086FF9D /* LoginViewController.swift in Sources */,
				B36F41141DAD4AB00053A078 /* Locais.swift in Sources */,
				B39B152D1DA54BF100933035 /* EstabelecimentoTableViewCell.swift in Sources */,
				B35E6EDB1DABF5E700854767 /* horizontalCollectionViewCell.swift in Sources */,
				B31F12951DB5447900592E0C /* testessssViewController.swift in Sources */,
				B3E1BB801D9E99270086FF9D /* layout.swift in Sources */,
				B3E1BB881D9E9AB70086FF9D /* HomeViewController.swift in Sources */,
				B3E1BB8A1D9E9ADD0086FF9D /* HomeTableViewCell.swift in Sources */,
				B3E1BB861D9E9A880086FF9D /* MapViewController.swift in Sources */,
				B3E1BB961D9EA7030086FF9D /* MenuViewController.swift in Sources */,
				B359B0641DA3FB5A00BAD2F8 /* MenuBarCollectionViewCell.swift in Sources */,
				B3E1BB781D9E98420086FF9D /* CriarContaViewController.swift in Sources */,
				B35E6ED71DABD27900854767 /* FiltroSection2TableViewCell.swift in Sources */,
				B3E1BB761D9E98050086FF9D /* SWRevealViewController.m in Sources */,
				B3E1BB901D9E9B500086FF9D /* EditarPerfilViewController.swift in Sources */,
				B3E1BB841D9E9A5D0086FF9D /* MenuTableViewController.swift in Sources */,
				B369967A1DC121760038ABB8 /* Promocoes.swift in Sources */,
				B3E1BB941D9E9BCE0086FF9D /* SobreViewController.swift in Sources */,
				B35E6ED91DABD28600854767 /* FiltroSection3TableViewCell.swift in Sources */,
				B35E6ED31DABC5B300854767 /* FiltroTableViewCell.swift in Sources */,
				B31567A01DB6710500E8F72A /* LocalViewController.swift in Sources */,
				B315679C1DB668E600E8F72A /* PromocoesViewController.swift in Sources */,
				B3E1BB921D9E9BB30086FF9D /* PopUpCadastroErro.swift in Sources */,
				B3E1BB3D1D9E92420086FF9D /* Vanttage_v2.xcdatamodeld in Sources */,
				B35E6ED51DABC61C00854767 /* HeaderFiltroTableViewCell.swift in Sources */,
				B39B15311DA555F100933035 /* opcoesCollectionViewCell.swift in Sources */,
				B323235E1DA6C465004629EE /* FiltroViewController.swift in Sources */,
				B359B0621DA3D6BD00BAD2F8 /* Cadastro.swift in Sources */,
				B3E1BB351D9E92420086FF9D /* AppDelegate.swift in Sources */,
				B3E1BB8C1D9E9B090086FF9D /* CartaoViewController.swift in Sources */,
				B38361751DB7E7EE0002DADA /* EstabelecimentoViewController.swift in Sources */,
			);
			runOnlyForDeploymentPostprocessing = 0;
		};
		B3E1BB441D9E92420086FF9D /* Sources */ = {
			isa = PBXSourcesBuildPhase;
			buildActionMask = 2147483647;
			files = (
				B3E1BB4D1D9E92420086FF9D /* Vanttage_v2Tests.swift in Sources */,
			);
			runOnlyForDeploymentPostprocessing = 0;
		};
		B3E1BB4F1D9E92420086FF9D /* Sources */ = {
			isa = PBXSourcesBuildPhase;
			buildActionMask = 2147483647;
			files = (
				B3E1BB581D9E92420086FF9D /* Vanttage_v2UITests.swift in Sources */,
			);
			runOnlyForDeploymentPostprocessing = 0;
		};
/* End PBXSourcesBuildPhase section */

/* Begin PBXTargetDependency section */
		B3E1BB4A1D9E92420086FF9D /* PBXTargetDependency */ = {
			isa = PBXTargetDependency;
			target = B3E1BB301D9E92420086FF9D /* Vanttage-v2 */;
			targetProxy = B3E1BB491D9E92420086FF9D /* PBXContainerItemProxy */;
		};
		B3E1BB551D9E92420086FF9D /* PBXTargetDependency */ = {
			isa = PBXTargetDependency;
			target = B3E1BB301D9E92420086FF9D /* Vanttage-v2 */;
			targetProxy = B3E1BB541D9E92420086FF9D /* PBXContainerItemProxy */;
		};
/* End PBXTargetDependency section */

/* Begin PBXVariantGroup section */
		B3E1BB381D9E92420086FF9D /* Main.storyboard */ = {
			isa = PBXVariantGroup;
			children = (
				B3E1BB391D9E92420086FF9D /* Base */,
			);
			name = Main.storyboard;
			sourceTree = "<group>";
		};
		B3E1BB401D9E92420086FF9D /* LaunchScreen.storyboard */ = {
			isa = PBXVariantGroup;
			children = (
				B3E1BB411D9E92420086FF9D /* Base */,
			);
			name = LaunchScreen.storyboard;
			sourceTree = "<group>";
		};
/* End PBXVariantGroup section */

/* Begin XCBuildConfiguration section */
		B3E1BB5A1D9E92420086FF9D /* Debug */ = {
			isa = XCBuildConfiguration;
			buildSettings = {
				ALWAYS_SEARCH_USER_PATHS = NO;
				CLANG_ANALYZER_NONNULL = YES;
				CLANG_CXX_LANGUAGE_STANDARD = "gnu++0x";
				CLANG_CXX_LIBRARY = "libc++";
				CLANG_ENABLE_MODULES = YES;
				CLANG_ENABLE_OBJC_ARC = YES;
				CLANG_WARN_BOOL_CONVERSION = YES;
				CLANG_WARN_CONSTANT_CONVERSION = YES;
				CLANG_WARN_DIRECT_OBJC_ISA_USAGE = YES_ERROR;
				CLANG_WARN_DOCUMENTATION_COMMENTS = YES;
				CLANG_WARN_EMPTY_BODY = YES;
				CLANG_WARN_ENUM_CONVERSION = YES;
				CLANG_WARN_INFINITE_RECURSION = YES;
				CLANG_WARN_INT_CONVERSION = YES;
				CLANG_WARN_OBJC_ROOT_CLASS = YES_ERROR;
				CLANG_WARN_SUSPICIOUS_MOVES = YES;
				CLANG_WARN_UNREACHABLE_CODE = YES;
				CLANG_WARN__DUPLICATE_METHOD_MATCH = YES;
				"CODE_SIGN_IDENTITY[sdk=iphoneos*]" = "iPhone Developer";
				COPY_PHASE_STRIP = NO;
				DEBUG_INFORMATION_FORMAT = dwarf;
				ENABLE_STRICT_OBJC_MSGSEND = YES;
				ENABLE_TESTABILITY = YES;
				GCC_C_LANGUAGE_STANDARD = gnu99;
				GCC_DYNAMIC_NO_PIC = NO;
				GCC_NO_COMMON_BLOCKS = YES;
				GCC_OPTIMIZATION_LEVEL = 0;
				GCC_PREPROCESSOR_DEFINITIONS = (
					"DEBUG=1",
					"$(inherited)",
				);
				GCC_WARN_64_TO_32_BIT_CONVERSION = YES;
				GCC_WARN_ABOUT_RETURN_TYPE = YES_ERROR;
				GCC_WARN_UNDECLARED_SELECTOR = YES;
				GCC_WARN_UNINITIALIZED_AUTOS = YES_AGGRESSIVE;
				GCC_WARN_UNUSED_FUNCTION = YES;
				GCC_WARN_UNUSED_VARIABLE = YES;
				IPHONEOS_DEPLOYMENT_TARGET = 10.0;
				MTL_ENABLE_DEBUG_INFO = YES;
				ONLY_ACTIVE_ARCH = YES;
				SDKROOT = iphoneos;
				SWIFT_ACTIVE_COMPILATION_CONDITIONS = DEBUG;
				SWIFT_OPTIMIZATION_LEVEL = "-Onone";
				TARGETED_DEVICE_FAMILY = "1,2";
			};
			name = Debug;
		};
		B3E1BB5B1D9E92420086FF9D /* Release */ = {
			isa = XCBuildConfiguration;
			buildSettings = {
				ALWAYS_SEARCH_USER_PATHS = NO;
				CLANG_ANALYZER_NONNULL = YES;
				CLANG_CXX_LANGUAGE_STANDARD = "gnu++0x";
				CLANG_CXX_LIBRARY = "libc++";
				CLANG_ENABLE_MODULES = YES;
				CLANG_ENABLE_OBJC_ARC = YES;
				CLANG_WARN_BOOL_CONVERSION = YES;
				CLANG_WARN_CONSTANT_CONVERSION = YES;
				CLANG_WARN_DIRECT_OBJC_ISA_USAGE = YES_ERROR;
				CLANG_WARN_DOCUMENTATION_COMMENTS = YES;
				CLANG_WARN_EMPTY_BODY = YES;
				CLANG_WARN_ENUM_CONVERSION = YES;
				CLANG_WARN_INFINITE_RECURSION = YES;
				CLANG_WARN_INT_CONVERSION = YES;
				CLANG_WARN_OBJC_ROOT_CLASS = YES_ERROR;
				CLANG_WARN_SUSPICIOUS_MOVES = YES;
				CLANG_WARN_UNREACHABLE_CODE = YES;
				CLANG_WARN__DUPLICATE_METHOD_MATCH = YES;
				"CODE_SIGN_IDENTITY[sdk=iphoneos*]" = "iPhone Developer";
				COPY_PHASE_STRIP = NO;
				DEBUG_INFORMATION_FORMAT = "dwarf-with-dsym";
				ENABLE_NS_ASSERTIONS = NO;
				ENABLE_STRICT_OBJC_MSGSEND = YES;
				GCC_C_LANGUAGE_STANDARD = gnu99;
				GCC_NO_COMMON_BLOCKS = YES;
				GCC_WARN_64_TO_32_BIT_CONVERSION = YES;
				GCC_WARN_ABOUT_RETURN_TYPE = YES_ERROR;
				GCC_WARN_UNDECLARED_SELECTOR = YES;
				GCC_WARN_UNINITIALIZED_AUTOS = YES_AGGRESSIVE;
				GCC_WARN_UNUSED_FUNCTION = YES;
				GCC_WARN_UNUSED_VARIABLE = YES;
				IPHONEOS_DEPLOYMENT_TARGET = 10.0;
				MTL_ENABLE_DEBUG_INFO = NO;
				SDKROOT = iphoneos;
				SWIFT_OPTIMIZATION_LEVEL = "-Owholemodule";
				TARGETED_DEVICE_FAMILY = "1,2";
				VALIDATE_PRODUCT = YES;
			};
			name = Release;
		};
		B3E1BB5D1D9E92420086FF9D /* Debug */ = {
			isa = XCBuildConfiguration;
			buildSettings = {
				ASSETCATALOG_COMPILER_APPICON_NAME = AppIcon;
				CLANG_ENABLE_MODULES = YES;
				DEVELOPMENT_TEAM = 4BG8H329LG;
				ENABLE_BITCODE = YES;
				FRAMEWORK_SEARCH_PATHS = (
					"$(inherited)",
					"$(PROJECT_DIR)/Vanttage-v2",
				);
				INFOPLIST_FILE = "Vanttage-v2/Info.plist";
				IPHONEOS_DEPLOYMENT_TARGET = 9.3;
				LD_RUNPATH_SEARCH_PATHS = "$(inherited) @executable_path/Frameworks";
				PRODUCT_BUNDLE_IDENTIFIER = br.com.tap4mobile.vanttage;
				PRODUCT_NAME = "$(TARGET_NAME)";
				SWIFT_OBJC_BRIDGING_HEADER = "Vanttage-v2/Vanttage-v2-Bridging-Header.h";
				SWIFT_OPTIMIZATION_LEVEL = "-Onone";
				SWIFT_VERSION = 3.0;
			};
			name = Debug;
		};
		B3E1BB5E1D9E92420086FF9D /* Release */ = {
			isa = XCBuildConfiguration;
			buildSettings = {
				ASSETCATALOG_COMPILER_APPICON_NAME = AppIcon;
				CLANG_ENABLE_MODULES = YES;
				DEVELOPMENT_TEAM = 4BG8H329LG;
				ENABLE_BITCODE = YES;
				FRAMEWORK_SEARCH_PATHS = (
					"$(inherited)",
					"$(PROJECT_DIR)/Vanttage-v2",
				);
				INFOPLIST_FILE = "Vanttage-v2/Info.plist";
				IPHONEOS_DEPLOYMENT_TARGET = 9.3;
				LD_RUNPATH_SEARCH_PATHS = "$(inherited) @executable_path/Frameworks";
				PRODUCT_BUNDLE_IDENTIFIER = br.com.tap4mobile.vanttage;
				PRODUCT_NAME = "$(TARGET_NAME)";
				SWIFT_OBJC_BRIDGING_HEADER = "Vanttage-v2/Vanttage-v2-Bridging-Header.h";
				SWIFT_VERSION = 3.0;
			};
			name = Release;
		};
		B3E1BB601D9E92420086FF9D /* Debug */ = {
			isa = XCBuildConfiguration;
			buildSettings = {
				ALWAYS_EMBED_SWIFT_STANDARD_LIBRARIES = YES;
				BUNDLE_LOADER = "$(TEST_HOST)";
				INFOPLIST_FILE = "Vanttage-v2Tests/Info.plist";
				LD_RUNPATH_SEARCH_PATHS = "$(inherited) @executable_path/Frameworks @loader_path/Frameworks";
				PRODUCT_BUNDLE_IDENTIFIER = "br.com.tap4mobile.Vanttage-v2Tests";
				PRODUCT_NAME = "$(TARGET_NAME)";
				SWIFT_VERSION = 3.0;
				TEST_HOST = "$(BUILT_PRODUCTS_DIR)/Vanttage-v2.app/Vanttage-v2";
			};
			name = Debug;
		};
		B3E1BB611D9E92420086FF9D /* Release */ = {
			isa = XCBuildConfiguration;
			buildSettings = {
				ALWAYS_EMBED_SWIFT_STANDARD_LIBRARIES = YES;
				BUNDLE_LOADER = "$(TEST_HOST)";
				INFOPLIST_FILE = "Vanttage-v2Tests/Info.plist";
				LD_RUNPATH_SEARCH_PATHS = "$(inherited) @executable_path/Frameworks @loader_path/Frameworks";
				PRODUCT_BUNDLE_IDENTIFIER = "br.com.tap4mobile.Vanttage-v2Tests";
				PRODUCT_NAME = "$(TARGET_NAME)";
				SWIFT_VERSION = 3.0;
				TEST_HOST = "$(BUILT_PRODUCTS_DIR)/Vanttage-v2.app/Vanttage-v2";
			};
			name = Release;
		};
		B3E1BB631D9E92420086FF9D /* Debug */ = {
			isa = XCBuildConfiguration;
			buildSettings = {
				ALWAYS_EMBED_SWIFT_STANDARD_LIBRARIES = YES;
				INFOPLIST_FILE = "Vanttage-v2UITests/Info.plist";
				LD_RUNPATH_SEARCH_PATHS = "$(inherited) @executable_path/Frameworks @loader_path/Frameworks";
				PRODUCT_BUNDLE_IDENTIFIER = "br.com.tap4mobile.Vanttage-v2UITests";
				PRODUCT_NAME = "$(TARGET_NAME)";
				SWIFT_VERSION = 3.0;
				TEST_TARGET_NAME = "Vanttage-v2";
			};
			name = Debug;
		};
		B3E1BB641D9E92420086FF9D /* Release */ = {
			isa = XCBuildConfiguration;
			buildSettings = {
				ALWAYS_EMBED_SWIFT_STANDARD_LIBRARIES = YES;
				INFOPLIST_FILE = "Vanttage-v2UITests/Info.plist";
				LD_RUNPATH_SEARCH_PATHS = "$(inherited) @executable_path/Frameworks @loader_path/Frameworks";
				PRODUCT_BUNDLE_IDENTIFIER = "br.com.tap4mobile.Vanttage-v2UITests";
				PRODUCT_NAME = "$(TARGET_NAME)";
				SWIFT_VERSION = 3.0;
				TEST_TARGET_NAME = "Vanttage-v2";
			};
			name = Release;
		};
/* End XCBuildConfiguration section */

/* Begin XCConfigurationList section */
		B3E1BB2C1D9E92420086FF9D /* Build configuration list for PBXProject "Vanttage-v2" */ = {
			isa = XCConfigurationList;
			buildConfigurations = (
				B3E1BB5A1D9E92420086FF9D /* Debug */,
				B3E1BB5B1D9E92420086FF9D /* Release */,
			);
			defaultConfigurationIsVisible = 0;
			defaultConfigurationName = Release;
		};
		B3E1BB5C1D9E92420086FF9D /* Build configuration list for PBXNativeTarget "Vanttage-v2" */ = {
			isa = XCConfigurationList;
			buildConfigurations = (
				B3E1BB5D1D9E92420086FF9D /* Debug */,
				B3E1BB5E1D9E92420086FF9D /* Release */,
			);
			defaultConfigurationIsVisible = 0;
			defaultConfigurationName = Release;
		};
		B3E1BB5F1D9E92420086FF9D /* Build configuration list for PBXNativeTarget "Vanttage-v2Tests" */ = {
			isa = XCConfigurationList;
			buildConfigurations = (
				B3E1BB601D9E92420086FF9D /* Debug */,
				B3E1BB611D9E92420086FF9D /* Release */,
			);
			defaultConfigurationIsVisible = 0;
			defaultConfigurationName = Release;
		};
		B3E1BB621D9E92420086FF9D /* Build configuration list for PBXNativeTarget "Vanttage-v2UITests" */ = {
			isa = XCConfigurationList;
			buildConfigurations = (
				B3E1BB631D9E92420086FF9D /* Debug */,
				B3E1BB641D9E92420086FF9D /* Release */,
			);
			defaultConfigurationIsVisible = 0;
			defaultConfigurationName = Release;
		};
/* End XCConfigurationList section */

/* Begin XCVersionGroup section */
		B3E1BB3B1D9E92420086FF9D /* Vanttage_v2.xcdatamodeld */ = {
			isa = XCVersionGroup;
			children = (
				B3E1BB3C1D9E92420086FF9D /* Vanttage_v2.xcdatamodel */,
			);
			currentVersion = B3E1BB3C1D9E92420086FF9D /* Vanttage_v2.xcdatamodel */;
			path = Vanttage_v2.xcdatamodeld;
			sourceTree = "<group>";
			versionGroupType = wrapper.xcdatamodel;
		};
/* End XCVersionGroup section */
	};
	rootObject = B3E1BB291D9E92420086FF9D /* Project object */;
}
